{
    "_meta": {
        "hash": {
            "sha256": "91173e6abb9b007d3babd28ae0387194037885b02a62165312efc8e2f16f28f2"
        },
        "pipfile-spec": 6,
        "requires": {
            "python_version": "3.9"
        },
        "sources": [
            {
                "name": "pypi",
                "url": "https://pypi.org/simple",
                "verify_ssl": true
            }
        ]
    },
    "default": {
        "asgiref": {
            "hashes": [
                "sha256:92906c611ce6c967347bbfea733f13d6313901d54dcca88195eaeb52b2a8e8ee",
                "sha256:d1216dfbdfb63826470995d31caed36225dcaf34f182e0fa257a4dd9e86f1b78"
            ],
            "markers": "python_version >= '3.6'",
            "version": "==3.3.4"
        },
        "boto3": {
            "hashes": [
                "sha256:5910c868c2cf0d30b6c9caed1d38a2b2c2c83e9713eadae0f43de4f42bfe863f",
                "sha256:d0d1e8ca76a8e1b74f87a8324f97001d60bd8bbe6cca35a8e9e7b9abe5aa9ddb"
            ],
            "index": "pypi",
            "version": "==1.17.55"
        },
        "botocore": {
            "hashes": [
                "sha256:5632c129e6c1c1a15e273fd3ec6f4431490e99ec61b6cff833538f456202e833",
                "sha256:94a62f7f848b37757c3419193727e183bccdf5cb74167df30bafee5d8d649b7a"
            ],
            "markers": "python_version >= '2.7' and python_version not in '3.0, 3.1, 3.2, 3.3, 3.4, 3.5'",
            "version": "==1.20.55"
        },
        "django": {
            "hashes": [
                "sha256:315b11ea265dd15348d47f2cbb044ef71da2018f6e582fed875c889758e6f844",
                "sha256:b61295749be7e1c42467c55bcabdaee9fbe9496fdf9ed2e22cef44d9de2ff953"
            ],
            "index": "pypi",
            "version": "==3.0.1"
        },
        "django-environ": {
            "hashes": [
                "sha256:6c9d87660142608f63ec7d5ce5564c49b603ea8ff25da595fd6098f6dc82afde",
                "sha256:c57b3c11ec1f319d9474e3e5a79134f40174b17c7cc024bbb2fad84646b120c4"
            ],
            "index": "pypi",
            "version": "==0.4.5"
        },
        "django-storages": {
            "hashes": [
                "sha256:c823dbf56c9e35b0999a13d7e05062b837bae36c518a40255d522fbe3750fbb4",
                "sha256:f28765826d507a0309cfaa849bd084894bc71d81bf0d09479168d44785396f80"
            ],
            "index": "pypi",
            "version": "==1.11.1"
        },
        "environ": {
            "hashes": [
                "sha256:052ded34331655b9c7982abd5681a066b9aaf9adf33b3412c7e842ce959e40b0",
                "sha256:4df7f1dfeb7d1c988d2e19a8bd5d547a526e0400aeb35adf732032472f35dcb0",
                "sha256:9266e62dd8004f3bf181b24c97aa129844e7e7ec87bf3ed06ef3888293212011"
            ],
            "index": "pypi",
            "version": "==1.0"
        },
        "jmespath": {
            "hashes": [
                "sha256:b85d0567b8666149a93172712e68920734333c0ce7e89b78b3e987f71e5ed4f9",
                "sha256:cdf6525904cc597730141d61b36f2e4b8ecc257c420fa2f4549bac2c2d0cb72f"
            ],
            "markers": "python_version >= '2.6' and python_version not in '3.0, 3.1, 3.2, 3.3'",
            "version": "==0.10.0"
        },
        "python-dateutil": {
            "hashes": [
                "sha256:73ebfe9dbf22e832286dafa60473e4cd239f8592f699aa5adaf10050e6e1823c",
                "sha256:75bb3f31ea686f1197762692a9ee6a7550b59fc6ca3a1f4b5d7e32fb98e2da2a"
            ],
            "markers": "python_version >= '2.7' and python_version not in '3.0, 3.1, 3.2, 3.3'",
            "version": "==2.8.1"
        },
        "pytz": {
            "hashes": [
                "sha256:83a4a90894bf38e243cf052c8b58f381bfe9a7a483f6a9cab140bc7f702ac4da",
                "sha256:eb10ce3e7736052ed3623d49975ce333bcd712c7bb19a58b9e2089d4057d0798"
            ],
            "version": "==2021.1"
        },
        "s3transfer": {
            "hashes": [
                "sha256:81b7b3516739b0cfbecaa9077a1baf783e7a790c0e49261fcc6ceda468765efa",
                "sha256:b5130849df909773254099d085790456665f8d7e0032bbef6e3407f28adb1ad9"
            ],
            "version": "==0.4.1"
        },
        "six": {
            "hashes": [
                "sha256:30639c035cdb23534cd4aa2dd52c3bf48f06e5f4a941509c8bafd8ce11080259",
                "sha256:8b74bedcbbbaca38ff6d7491d76f2b06b3592611af620f8426e82dddb04a5ced"
            ],
            "markers": "python_version >= '2.7' and python_version not in '3.0, 3.1, 3.2, 3.3'",
            "version": "==1.15.0"
        },
        "sqlparse": {
            "hashes": [
                "sha256:017cde379adbd6a1f15a61873f43e8274179378e95ef3fede90b5aa64d304ed0",
                "sha256:0f91fd2e829c44362cbcfab3e9ae12e22badaa8a29ad5ff599f9ec109f0454e8"
            ],
            "markers": "python_version >= '3.5'",
            "version": "==0.4.1"
        },
        "urllib3": {
            "hashes": [
                "sha256:2f4da4594db7e1e110a944bb1b551fdf4e6c136ad42e4234131391e21eb5b0df",
                "sha256:e7b021f7241115872f92f43c6508082facffbd1c048e3c6e2bb9c2a157e28937"
            ],
            "markers": "python_version >= '2.7' and python_version not in '3.0, 3.1, 3.2, 3.3, 3.4' and python_version < '4'",
            "version": "==1.26.4"
        }
    },
    "develop": {}
}
